{
  "name": "project-sia",
  "lockfileVersion": 3,
  "requires": true,
  "packages": {
    "": {
      "dependencies": {
        "emailjs": "^4.0.3",
        "nodemailer": "^7.0.10"
      }
    },
    "node_modules/emailjs": {
      "version": "4.0.3",
      "resolved": "https://registry.npmjs.org/emailjs/-/emailjs-4.0.3.tgz",
      "integrity": "sha512-1CDXoE3FxkSg7QRTlLsDCYG9elFNu/JQsYWu3Xfrk77ubbg5zYgFGg+JRUKQJ56mceM8o3rHHX0VB4wo9XsyLQ==",
      "license": "MIT",
      "engines": {
        "node": ">=12"
      },
      "peerDependencies": {
        "typescript": ">=4.3.5"
      },
      "peerDependenciesMeta": {
        "typescript": {
          "optional": true
        }
      }
    },
    "node_modules/nodemailer": {
      "version": "7.0.10",
      "resolved": "https://registry.npmjs.org/nodemailer/-/nodemailer-7.0.10.tgz",
      "integrity": "sha512-Us/Se1WtT0ylXgNFfyFSx4LElllVLJXQjWi2Xz17xWw7amDKO2MLtFnVp1WACy7GkVGs+oBlRopVNUzlrGSw1w==",
      "license": "MIT-0",
      "engines": {
        "node": ">=6.0.0"
      }
    }
  }
}
